
Microsoft Visual Studio Solution File, Format Version 12.00
# Visual Studio Version 16
VisualStudioVersion = 16.0.31005.135
MinimumVisualStudioVersion = 10.0.40219.1
Project("{888888A0-9F3D-457C-B088-3A5042F75D52}") = "python", "python.pyproj", "{7CC1B9FD-986D-409D-8B50-FCB78B465F60}"
EndProject
Global
	GlobalSection(SolutionConfigurationPlatforms) = preSolution
		Debug|Any CPU = Debug|Any CPU
		Release|Any CPU = Release|Any CPU
	EndGlobalSection
	GlobalSection(ProjectConfigurationPlatforms) = postSolution
		{7CC1B9FD-986D-409D-8B50-FCB78B465F60}.Debug|Any CPU.ActiveCfg = Debug|Any CPU
		{7CC1B9FD-986D-409D-8B50-FCB78B465F60}.Debug|Any CPU.Build.0 = Debug|Any CPU
		{7CC1B9FD-986D-409D-8B50-FCB78B465F60}.Release|Any CPU.ActiveCfg = Release|Any CPU
		{7CC1B9FD-986D-409D-8B50-FCB78B465F60}.Release|Any CPU.Build.0 = Release|Any CPU
	EndGlobalSection
	GlobalSection(SolutionProperties) = preSolution
		HideSolutionNode = FALSE
	EndGlobalSection
	GlobalSection(ExtensibilityGlobals) = postSolution
		SolutionGuid = {141B13C4-CDBD-4CCF-9D22-A2E89E3103C3}
	EndGlobalSection
EndGlobal
